
Microsoft Visual Studio Solution File, Format Version 12.00
# Visual Studio Version 17
VisualStudioVersion = 17.10.34928.147
MinimumVisualStudioVersion = 10.0.40219.1
Project("{9A19103F-16F7-4668-BE54-9A1E7A4F7556}") = "Employee Registration Task", "Employee Registration Task\Employee Registration Task.csproj", "{11A71743-5510-4BCF-8BC1-E49950642167}"
EndProject
Global
	GlobalSection(SolutionConfigurationPlatforms) = preSolution
		Debug|Any CPU = Debug|Any CPU
		Release|Any CPU = Release|Any CPU
	EndGlobalSection
	GlobalSection(ProjectConfigurationPlatforms) = postSolution
		{11A71743-5510-4BCF-8BC1-E49950642167}.Debug|Any CPU.ActiveCfg = Debug|Any CPU
		{11A71743-5510-4BCF-8BC1-E49950642167}.Debug|Any CPU.Build.0 = Debug|Any CPU
		{11A71743-5510-4BCF-8BC1-E49950642167}.Release|Any CPU.ActiveCfg = Release|Any CPU
		{11A71743-5510-4BCF-8BC1-E49950642167}.Release|Any CPU.Build.0 = Release|Any CPU
	EndGlobalSection
	GlobalSection(SolutionProperties) = preSolution
		HideSolutionNode = FALSE
	EndGlobalSection
	GlobalSection(ExtensibilityGlobals) = postSolution
		SolutionGuid = {DC6916C5-2915-426F-B490-575B19F9EA9E}
	EndGlobalSection
EndGlobal
